{
  "name": "verbatim",
  "version": "1.0.0",
  "lockfileVersion": 2,
  "requires": true,
  "packages": {
    "": {
      "version": "1.0.0",
      "license": "ISC",
      "devDependencies": {
        "@types/google-apps-script": "^1.0.31"
      }
    },
    "node_modules/@types/google-apps-script": {
      "version": "1.0.31",
      "resolved": "https://registry.npmjs.org/@types/google-apps-script/-/google-apps-script-1.0.31.tgz",
      "integrity": "sha512-tgsJKk20fwFoh0Ml4Li3pqKQ5uu3Nr3XeRsee2+pkPGrJxDlA3qsHAA2q3/HRv5yi9U6QVvdGwJ16USnmA7wAA==",
      "dev": true
    }
  },
  "dependencies": {
    "@types/google-apps-script": {
      "version": "1.0.31",
      "resolved": "https://registry.npmjs.org/@types/google-apps-script/-/google-apps-script-1.0.31.tgz",
      "integrity": "sha512-tgsJKk20fwFoh0Ml4Li3pqKQ5uu3Nr3XeRsee2+pkPGrJxDlA3qsHAA2q3/HRv5yi9U6QVvdGwJ16USnmA7wAA==",
      "dev": true
    }
  }
}
